
Microsoft Visual Studio Solution File, Format Version 12.00
# Visual Studio 15
VisualStudioVersion = 15.0.28010.2019
MinimumVisualStudioVersion = 10.0.40219.1
Project("{FAE04EC0-301F-11D3-BF4B-00C04F79EFBC}") = "npt_stenddxs_multidevice", "npt_stenddxs_multidevice\npt_stenddxs_multidevice.csproj", "{FAEE4ABD-5411-4BC0-8B9B-7A84F57567BF}"
EndProject
Project("{FAE04EC0-301F-11D3-BF4B-00C04F79EFBC}") = "Cet.IO_NET45", "Cet.IO\Cet.IO_NET45.csproj", "{A76D0FEF-EDE4-4013-B046-96DD0DFA9175}"
EndProject
Project("{FAE04EC0-301F-11D3-BF4B-00C04F79EFBC}") = "Cet.IO.Net_NET45", "Cet.IO.Net\Cet.IO.Net_NET45.csproj", "{CA4E325F-1AE6-40E4-B967-FCD8F5B79448}"
EndProject
Project("{FAE04EC0-301F-11D3-BF4B-00C04F79EFBC}") = "Cet.IO.Protocols.Modbus_NET45", "Cet.IO.Protocols.Modbus\Cet.IO.Protocols.Modbus_NET45.csproj", "{DF9A2A99-C8D7-4E2F-885A-2F0FF15DA26D}"
EndProject
Project("{FAE04EC0-301F-11D3-BF4B-00C04F79EFBC}") = "Cet.IO.Serial_NET45", "Cet.IO.Serial\Cet.IO.Serial_NET45.csproj", "{60DA2F5C-22A6-4B29-A35F-863096CA591C}"
EndProject
Global
	GlobalSection(SolutionConfigurationPlatforms) = preSolution
		Debug|Any CPU = Debug|Any CPU
		Release|Any CPU = Release|Any CPU
	EndGlobalSection
	GlobalSection(ProjectConfigurationPlatforms) = postSolution
		{FAEE4ABD-5411-4BC0-8B9B-7A84F57567BF}.Debug|Any CPU.ActiveCfg = Debug|Any CPU
		{FAEE4ABD-5411-4BC0-8B9B-7A84F57567BF}.Debug|Any CPU.Build.0 = Debug|Any CPU
		{FAEE4ABD-5411-4BC0-8B9B-7A84F57567BF}.Release|Any CPU.ActiveCfg = Release|Any CPU
		{FAEE4ABD-5411-4BC0-8B9B-7A84F57567BF}.Release|Any CPU.Build.0 = Release|Any CPU
		{A76D0FEF-EDE4-4013-B046-96DD0DFA9175}.Debug|Any CPU.ActiveCfg = Debug|Any CPU
		{A76D0FEF-EDE4-4013-B046-96DD0DFA9175}.Debug|Any CPU.Build.0 = Debug|Any CPU
		{A76D0FEF-EDE4-4013-B046-96DD0DFA9175}.Release|Any CPU.ActiveCfg = Release|Any CPU
		{A76D0FEF-EDE4-4013-B046-96DD0DFA9175}.Release|Any CPU.Build.0 = Release|Any CPU
		{CA4E325F-1AE6-40E4-B967-FCD8F5B79448}.Debug|Any CPU.ActiveCfg = Debug|Any CPU
		{CA4E325F-1AE6-40E4-B967-FCD8F5B79448}.Debug|Any CPU.Build.0 = Debug|Any CPU
		{CA4E325F-1AE6-40E4-B967-FCD8F5B79448}.Release|Any CPU.ActiveCfg = Release|Any CPU
		{CA4E325F-1AE6-40E4-B967-FCD8F5B79448}.Release|Any CPU.Build.0 = Release|Any CPU
		{DF9A2A99-C8D7-4E2F-885A-2F0FF15DA26D}.Debug|Any CPU.ActiveCfg = Debug|Any CPU
		{DF9A2A99-C8D7-4E2F-885A-2F0FF15DA26D}.Debug|Any CPU.Build.0 = Debug|Any CPU
		{DF9A2A99-C8D7-4E2F-885A-2F0FF15DA26D}.Release|Any CPU.ActiveCfg = Release|Any CPU
		{DF9A2A99-C8D7-4E2F-885A-2F0FF15DA26D}.Release|Any CPU.Build.0 = Release|Any CPU
		{60DA2F5C-22A6-4B29-A35F-863096CA591C}.Debug|Any CPU.ActiveCfg = Debug|Any CPU
		{60DA2F5C-22A6-4B29-A35F-863096CA591C}.Debug|Any CPU.Build.0 = Debug|Any CPU
		{60DA2F5C-22A6-4B29-A35F-863096CA591C}.Release|Any CPU.ActiveCfg = Release|Any CPU
		{60DA2F5C-22A6-4B29-A35F-863096CA591C}.Release|Any CPU.Build.0 = Release|Any CPU
	EndGlobalSection
	GlobalSection(SolutionProperties) = preSolution
		HideSolutionNode = FALSE
	EndGlobalSection
	GlobalSection(ExtensibilityGlobals) = postSolution
		SolutionGuid = {88E84490-5859-4BDC-99E9-38E0BAE496B1}
	EndGlobalSection
EndGlobal
